
Microsoft Visual Studio Solution File, Format Version 12.00
# Visual Studio Version 17
VisualStudioVersion = 17.5.33516.290
MinimumVisualStudioVersion = 10.0.40219.1
Project("{FAE04EC0-301F-11D3-BF4B-00C04F79EFBC}") = "MataciliarAPI", "MataciliarAPI.csproj", "{3DB60C69-7D6E-4B33-89DE-209A4872DC0F}"
EndProject
Global
	GlobalSection(SolutionConfigurationPlatforms) = preSolution
		Debug|Any CPU = Debug|Any CPU
		Release|Any CPU = Release|Any CPU
	EndGlobalSection
	GlobalSection(ProjectConfigurationPlatforms) = postSolution
		{3DB60C69-7D6E-4B33-89DE-209A4872DC0F}.Debug|Any CPU.ActiveCfg = Debug|Any CPU
		{3DB60C69-7D6E-4B33-89DE-209A4872DC0F}.Debug|Any CPU.Build.0 = Debug|Any CPU
		{3DB60C69-7D6E-4B33-89DE-209A4872DC0F}.Release|Any CPU.ActiveCfg = Release|Any CPU
		{3DB60C69-7D6E-4B33-89DE-209A4872DC0F}.Release|Any CPU.Build.0 = Release|Any CPU
	EndGlobalSection
	GlobalSection(SolutionProperties) = preSolution
		HideSolutionNode = FALSE
	EndGlobalSection
	GlobalSection(ExtensibilityGlobals) = postSolution
		SolutionGuid = {81543121-DDC8-484D-8547-30F911BA245A}
	EndGlobalSection
EndGlobal
